{
  "version": 4,
  "terraform_version": "1.5.1",
  "serial": 45,
  "lineage": "0828c946-06cb-2f13-81a9-9d817071fa50",
  "outputs": {
    "domain_name": {
      "value": "mapuekyle.com",
      "type": "string"
    },
    "domain_records": {
      "value": {
        "domain": "mapuekyle.com",
        "flags": 0,
        "fqdn": "mapuekyle.com",
        "id": "1689321212",
        "name": "@",
        "port": 0,
        "priority": 0,
        "tag": "",
        "ttl": 1800,
        "type": "A",
        "value": "64.227.12.76",
        "weight": 0
      },
      "type": [
        "object",
        {
          "domain": "string",
          "flags": "number",
          "fqdn": "string",
          "id": "string",
          "name": "string",
          "port": "number",
          "priority": "number",
          "tag": "string",
          "ttl": "number",
          "type": "string",
          "value": "string",
          "weight": "number"
        }
      ]
    },
    "droplet_ipv4_address": {
      "value": "64.227.12.76",
      "type": "string"
    }
  },
  "resources": [
    {
      "mode": "data",
      "type": "digitalocean_ssh_key",
      "name": "terraform",
      "provider": "provider[\"registry.terraform.io/digitalocean/digitalocean\"]",
      "instances": [
        {
          "schema_version": 0,
          "attributes": {
            "fingerprint": "0d:df:a8:f4:fd:6e:c9:2b:32:03:09:1e:d9:84:0f:67",
            "id": 38719324,
            "name": "mySshKey",
            "public_key": "ssh-rsa AAAAB3NzaC1yc2EAAAADAQABAAACAQCnlmTSREqaM96khAyjoPzxS+gnyR3/s2cPJ4/GTDx373X5mlzhBkuMrXAjaE+kjyU2uJF+6gR2d32AoEvxNLy/7zBsX7c2iJ6GYiEv66AvE2XhozVJiNDhw37OGa8CxunixP/DUHZk2O/Esa8s6CdIh4xXy1SyApM+9fhQUZPjMpeVD5d5kUHKX837XSXEI3Qy5CC+yXLgki4HEb1LQJxEQTnVtC7yu1xX7UnfRD86TRrcFEkEFKTA+qftQMRUexQMdNkzrC2/a+Cgdgy+lMJZUi02CV+tMRm5mbFPcB/jmW/kcxOs+j9J4A2gFo/aFwxttTewwSjteGOjEZ3UvoDzXt7nC3Zj7K0DSlUgV04txBCsCggt8BqrBkjCEUssfaKvx75HGt/9Sc9rqloFbwd8UZzYzkahL5NA/MOX32HZw4ttPil41389Idnhv4FTpHwlPe018hPDsrwwRLLeKMVXwOu2oRozFQIHbbfQM0pr/W0lg2ccL7AtKHnwnP22PTBEKv9vPO5UiKAafzuOJrg8tQWC3xU+3Uc+4hpXq1guNufUFGU2haocwnz7PIAxvgSAbv18o7DZiOydEYSsrHrgE6ZhmWGPQ/AQOKLuxcaWQWKm7eKzS3tyv+U9FrMcbGiFqPyAK16ct8Gsc4aTBh4aD49CnBKj1M/BFEPikBMTLw== kyle.mapue@gmail.com"
          },
          "sensitive_attributes": []
        }
      ]
    },
    {
      "mode": "managed",
      "type": "digitalocean_domain",
      "name": "yourdomain",
      "provider": "provider[\"registry.terraform.io/digitalocean/digitalocean\"]",
      "instances": [
        {
          "schema_version": 0,
          "attributes": {
            "id": "mapuekyle.com",
            "ip_address": null,
            "name": "mapuekyle.com",
            "ttl": 1800,
            "urn": "do:domain:mapuekyle.com"
          },
          "sensitive_attributes": [],
          "private": "bnVsbA=="
        }
      ]
    },
    {
      "mode": "managed",
      "type": "digitalocean_droplet",
      "name": "vps",
      "provider": "provider[\"registry.terraform.io/digitalocean/digitalocean\"]",
      "instances": [
        {
          "schema_version": 1,
          "attributes": {
            "backups": false,
            "created_at": "2023-07-02T10:01:48Z",
            "disk": 25,
            "droplet_agent": null,
            "graceful_shutdown": false,
            "id": "363220470",
            "image": "ubuntu-18-04-x64",
            "ipv4_address": "64.227.12.76",
            "ipv4_address_private": "10.116.0.2",
            "ipv6": false,
            "ipv6_address": "",
            "locked": false,
            "memory": 1024,
            "monitoring": false,
            "name": "maps-vps",
            "price_hourly": 0.00893,
            "price_monthly": 6,
            "private_networking": true,
            "region": "nyc1",
            "resize_disk": true,
            "size": "s-1vcpu-1gb",
            "ssh_keys": [
              "38719324"
            ],
            "status": "active",
            "tags": null,
            "timeouts": null,
            "urn": "do:droplet:363220470",
            "user_data": null,
            "vcpus": 1,
            "volume_ids": [],
            "vpc_uuid": "701a6657-541f-492e-9e30-62e4663138fe"
          },
          "sensitive_attributes": [],
          "private": "eyJlMmJmYjczMC1lY2FhLTExZTYtOGY4OC0zNDM2M2JjN2M0YzAiOnsiY3JlYXRlIjozNjAwMDAwMDAwMDAwLCJkZWxldGUiOjYwMDAwMDAwMDAwLCJ1cGRhdGUiOjM2MDAwMDAwMDAwMDB9LCJzY2hlbWFfdmVyc2lvbiI6IjEifQ==",
          "dependencies": [
            "data.digitalocean_ssh_key.terraform"
          ]
        }
      ]
    },
    {
      "mode": "managed",
      "type": "digitalocean_record",
      "name": "yourdomain_record",
      "provider": "provider[\"registry.terraform.io/digitalocean/digitalocean\"]",
      "instances": [
        {
          "schema_version": 0,
          "attributes": {
            "domain": "mapuekyle.com",
            "flags": 0,
            "fqdn": "mapuekyle.com",
            "id": "1689321212",
            "name": "@",
            "port": 0,
            "priority": 0,
            "tag": "",
            "ttl": 1800,
            "type": "A",
            "value": "64.227.12.76",
            "weight": 0
          },
          "sensitive_attributes": [],
          "private": "bnVsbA==",
          "dependencies": [
            "data.digitalocean_ssh_key.terraform",
            "digitalocean_domain.yourdomain",
            "digitalocean_droplet.vps"
          ]
        }
      ]
    }
  ],
  "check_results": null
}
